
Microsoft Visual Studio Solution File, Format Version 12.00
# Visual Studio Version 16
VisualStudioVersion = 16.0.31424.327
MinimumVisualStudioVersion = 10.0.40219.1
Project("{FAE04EC0-301F-11D3-BF4B-00C04F79EFBC}") = "rabbitmq_form_app", "rabbitmq_form_app\rabbitmq_form_app.csproj", "{DE87741B-97FC-452A-B590-FC8FBD49B9F9}"
EndProject
Global
	GlobalSection(SolutionConfigurationPlatforms) = preSolution
		Debug|Any CPU = Debug|Any CPU
		Release|Any CPU = Release|Any CPU
	EndGlobalSection
	GlobalSection(ProjectConfigurationPlatforms) = postSolution
		{DE87741B-97FC-452A-B590-FC8FBD49B9F9}.Debug|Any CPU.ActiveCfg = Debug|Any CPU
		{DE87741B-97FC-452A-B590-FC8FBD49B9F9}.Debug|Any CPU.Build.0 = Debug|Any CPU
		{DE87741B-97FC-452A-B590-FC8FBD49B9F9}.Release|Any CPU.ActiveCfg = Release|Any CPU
		{DE87741B-97FC-452A-B590-FC8FBD49B9F9}.Release|Any CPU.Build.0 = Release|Any CPU
	EndGlobalSection
	GlobalSection(SolutionProperties) = preSolution
		HideSolutionNode = FALSE
	EndGlobalSection
	GlobalSection(ExtensibilityGlobals) = postSolution
		SolutionGuid = {B9CB91F6-8457-43F2-B3BC-F1A176A38492}
	EndGlobalSection
EndGlobal
